// !$*UTF8*$!
{
	archiveVersion = 1;
	classes = {
	};
	objectVersion = 51;
	objects = {

/* Begin PBXBuildFile section */
		A5ABB7262615CB4F001AED77 /* AppDelegate.swift in Sources */ = {isa = PBXBuildFile; fileRef = A5ABB7252615CB4F001AED77 /* AppDelegate.swift */; };
		A5ABB7282615CB4F001AED77 /* SceneDelegate.swift in Sources */ = {isa = PBXBuildFile; fileRef = A5ABB7272615CB4F001AED77 /* SceneDelegate.swift */; };
		A5ABB72A2615CB4F001AED77 /* ContentView.swift in Sources */ = {isa = PBXBuildFile; fileRef = A5ABB7292615CB4F001AED77 /* ContentView.swift */; };
		A5ABB72C2615CB50001AED77 /* Assets.xcassets in Resources */ = {isa = PBXBuildFile; fileRef = A5ABB72B2615CB50001AED77 /* Assets.xcassets */; };
		A5ABB72F2615CB50001AED77 /* Preview Assets.xcassets in Resources */ = {isa = PBXBuildFile; fileRef = A5ABB72E2615CB50001AED77 /* Preview Assets.xcassets */; };
		A5ABB7322615CB50001AED77 /* LaunchScreen.storyboard in Resources */ = {isa = PBXBuildFile; fileRef = A5ABB7302615CB50001AED77 /* LaunchScreen.storyboard */; };
		A5ABB73F2615CCA5001AED77 /* GoogleService-Info.plist in Resources */ = {isa = PBXBuildFile; fileRef = A5ABB73E2615CCA5001AED77 /* GoogleService-Info.plist */; };
		A5ABB7572615D0B7001AED77 /* Pods_ChatNew.framework in Frameworks */ = {isa = PBXBuildFile; fileRef = ADAA023F4335D5B73DB7A230 /* Pods_ChatNew.framework */; };
		A5ABB7582615D0B7001AED77 /* Pods_ChatNew.framework in Embed Frameworks */ = {isa = PBXBuildFile; fileRef = ADAA023F4335D5B73DB7A230 /* Pods_ChatNew.framework */; settings = {ATTRIBUTES = (CodeSignOnCopy, RemoveHeadersOnCopy, ); }; };
		A5ABB75B2615EDDC001AED77 /* ChatPage.swift in Sources */ = {isa = PBXBuildFile; fileRef = A5ABB75A2615EDDC001AED77 /* ChatPage.swift */; };
/* End PBXBuildFile section */

/* Begin PBXCopyFilesBuildPhase section */
		A5ABB7592615D0B7001AED77 /* Embed Frameworks */ = {
			isa = PBXCopyFilesBuildPhase;
			buildActionMask = 2147483647;
			dstPath = "";
			dstSubfolderSpec = 10;
			files = (
				A5ABB7582615D0B7001AED77 /* Pods_ChatNew.framework in Embed Frameworks */,
			);
			name = "Embed Frameworks";
			runOnlyForDeploymentPostprocessing = 0;
		};
/* End PBXCopyFilesBuildPhase section */

/* Begin PBXFileReference section */
		3818F994F7C78431D7C9EDBB /* Pods-ChatNew.release.xcconfig */ = {isa = PBXFileReference; includeInIndex = 1; lastKnownFileType = text.xcconfig; name = "Pods-ChatNew.release.xcconfig"; path = "Target Support Files/Pods-ChatNew/Pods-ChatNew.release.xcconfig"; sourceTree = "<group>"; };
		7C8F2F8317A8795238977C3C /* Pods-ChatNew.debug.xcconfig */ = {isa = PBXFileReference; includeInIndex = 1; lastKnownFileType = text.xcconfig; name = "Pods-ChatNew.debug.xcconfig"; path = "Target Support Files/Pods-ChatNew/Pods-ChatNew.debug.xcconfig"; sourceTree = "<group>"; };
		A5ABB7222615CB4F001AED77 /* ChatNew.app */ = {isa = PBXFileReference; explicitFileType = wrapper.application; includeInIndex = 0; path = ChatNew.app; sourceTree = BUILT_PRODUCTS_DIR; };
		A5ABB7252615CB4F001AED77 /* AppDelegate.swift */ = {isa = PBXFileReference; lastKnownFileType = sourcecode.swift; path = AppDelegate.swift; sourceTree = "<group>"; };
		A5ABB7272615CB4F001AED77 /* SceneDelegate.swift */ = {isa = PBXFileReference; lastKnownFileType = sourcecode.swift; path = SceneDelegate.swift; sourceTree = "<group>"; };
		A5ABB7292615CB4F001AED77 /* ContentView.swift */ = {isa = PBXFileReference; lastKnownFileType = sourcecode.swift; path = ContentView.swift; sourceTree = "<group>"; };
		A5ABB72B2615CB50001AED77 /* Assets.xcassets */ = {isa = PBXFileReference; lastKnownFileType = folder.assetcatalog; path = Assets.xcassets; sourceTree = "<group>"; };
		A5ABB72E2615CB50001AED77 /* Preview Assets.xcassets */ = {isa = PBXFileReference; lastKnownFileType = folder.assetcatalog; path = "Preview Assets.xcassets"; sourceTree = "<group>"; };
		A5ABB7312615CB50001AED77 /* Base */ = {isa = PBXFileReference; lastKnownFileType = file.storyboard; name = Base; path = Base.lproj/LaunchScreen.storyboard; sourceTree = "<group>"; };
		A5ABB7332615CB50001AED77 /* Info.plist */ = {isa = PBXFileReference; lastKnownFileType = text.plist.xml; path = Info.plist; sourceTree = "<group>"; };
		A5ABB73E2615CCA5001AED77 /* GoogleService-Info.plist */ = {isa = PBXFileReference; fileEncoding = 4; lastKnownFileType = text.plist.xml; path = "GoogleService-Info.plist"; sourceTree = "<group>"; };
		A5ABB75A2615EDDC001AED77 /* ChatPage.swift */ = {isa = PBXFileReference; lastKnownFileType = sourcecode.swift; path = ChatPage.swift; sourceTree = "<group>"; };
		ADAA023F4335D5B73DB7A230 /* Pods_ChatNew.framework */ = {isa = PBXFileReference; explicitFileType = wrapper.framework; includeInIndex = 0; path = Pods_ChatNew.framework; sourceTree = BUILT_PRODUCTS_DIR; };
/* End PBXFileReference section */

/* Begin PBXFrameworksBuildPhase section */
		A5ABB71F2615CB4F001AED77 /* Frameworks */ = {
			isa = PBXFrameworksBuildPhase;
			buildActionMask = 2147483647;
			files = (
				A5ABB7572615D0B7001AED77 /* Pods_ChatNew.framework in Frameworks */,
			);
			runOnlyForDeploymentPostprocessing = 0;
		};
/* End PBXFrameworksBuildPhase section */

/* Begin PBXGroup section */
		2D100F676BC86EC231F64D84 /* Frameworks */ = {
			isa = PBXGroup;
			children = (
				ADAA023F4335D5B73DB7A230 /* Pods_ChatNew.framework */,
			);
			name = Frameworks;
			sourceTree = "<group>";
		};
		497233545D08C52D7810F581 /* Pods */ = {
			isa = PBXGroup;
			children = (
				7C8F2F8317A8795238977C3C /* Pods-ChatNew.debug.xcconfig */,
				3818F994F7C78431D7C9EDBB /* Pods-ChatNew.release.xcconfig */,
			);
			path = Pods;
			sourceTree = "<group>";
		};
		A5ABB7192615CB4F001AED77 = {
			isa = PBXGroup;
			children = (
				A5ABB7242615CB4F001AED77 /* ChatNew */,
				A5ABB7232615CB4F001AED77 /* Products */,
				497233545D08C52D7810F581 /* Pods */,
				2D100F676BC86EC231F64D84 /* Frameworks */,
			);
			sourceTree = "<group>";
		};
		A5ABB7232615CB4F001AED77 /* Products */ = {
			isa = PBXGroup;
			children = (
				A5ABB7222615CB4F001AED77 /* ChatNew.app */,
			);
			name = Products;
			sourceTree = "<group>";
		};
		A5ABB7242615CB4F001AED77 /* ChatNew */ = {
			isa = PBXGroup;
			children = (
				A5ABB73E2615CCA5001AED77 /* GoogleService-Info.plist */,
				A5ABB7252615CB4F001AED77 /* AppDelegate.swift */,
				A5ABB7272615CB4F001AED77 /* SceneDelegate.swift */,
				A5ABB7292615CB4F001AED77 /* ContentView.swift */,
				A5ABB75A2615EDDC001AED77 /* ChatPage.swift */,
				A5ABB72B2615CB50001AED77 /* Assets.xcassets */,
				A5ABB7302615CB50001AED77 /* LaunchScreen.storyboard */,
				A5ABB7332615CB50001AED77 /* Info.plist */,
				A5ABB72D2615CB50001AED77 /* Preview Content */,
			);
			path = ChatNew;
			sourceTree = "<group>";
		};
		A5ABB72D2615CB50001AED77 /* Preview Content */ = {
			isa = PBXGroup;
			children = (
				A5ABB72E2615CB50001AED77 /* Preview Assets.xcassets */,
			);
			path = "Preview Content";
			sourceTree = "<group>";
		};
/* End PBXGroup section */

/* Begin PBXNativeTarget section */
		A5ABB7212615CB4F001AED77 /* ChatNew */ = {
			isa = PBXNativeTarget;
			buildConfigurationList = A5ABB7362615CB50001AED77 /* Build configuration list for PBXNativeTarget "ChatNew" */;
			buildPhases = (
				10AC224D6D72EF6984C01327 /* [CP] Check Pods Manifest.lock */,
				A5ABB71E2615CB4F001AED77 /* Sources */,
				A5ABB71F2615CB4F001AED77 /* Frameworks */,
				A5ABB7202615CB4F001AED77 /* Resources */,
				0116F82411B637B995C65477 /* [CP] Embed Pods Frameworks */,
				A5ABB7592615D0B7001AED77 /* Embed Frameworks */,
			);
			buildRules = (
			);
			dependencies = (
			);
			name = ChatNew;
			productName = ChatNew;
			productReference = A5ABB7222615CB4F001AED77 /* ChatNew.app */;
			productType = "com.apple.product-type.application";
		};
/* End PBXNativeTarget section */

/* Begin PBXProject section */
		A5ABB71A2615CB4F001AED77 /* Project object */ = {
			isa = PBXProject;
			attributes = {
				LastSwiftUpdateCheck = 1240;
				LastUpgradeCheck = 1240;
				TargetAttributes = {
					A5ABB7212615CB4F001AED77 = {
						CreatedOnToolsVersion = 12.4;
					};
				};
			};
			buildConfigurationList = A5ABB71D2615CB4F001AED77 /* Build configuration list for PBXProject "ChatNew" */;
			compatibilityVersion = "Xcode 9.3";
			developmentRegion = en;
			hasScannedForEncodings = 0;
			knownRegions = (
				en,
				Base,
			);
			mainGroup = A5ABB7192615CB4F001AED77;
			productRefGroup = A5ABB7232615CB4F001AED77 /* Products */;
			projectDirPath = "";
			projectRoot = "";
			targets = (
				A5ABB7212615CB4F001AED77 /* ChatNew */,
			);
		};
/* End PBXProject section */

/* Begin PBXResourcesBuildPhase section */
		A5ABB7202615CB4F001AED77 /* Resources */ = {
			isa = PBXResourcesBuildPhase;
			buildActionMask = 2147483647;
			files = (
				A5ABB73F2615CCA5001AED77 /* GoogleService-Info.plist in Resources */,
				A5ABB7322615CB50001AED77 /* LaunchScreen.storyboard in Resources */,
				A5ABB72F2615CB50001AED77 /* Preview Assets.xcassets in Resources */,
				A5ABB72C2615CB50001AED77 /* Assets.xcassets in Resources */,
			);
			runOnlyForDeploymentPostprocessing = 0;
		};
/* End PBXResourcesBuildPhase section */

/* Begin PBXShellScriptBuildPhase section */
		0116F82411B637B995C65477 /* [CP] Embed Pods Frameworks */ = {
			isa = PBXShellScriptBuildPhase;
			buildActionMask = 2147483647;
			files = (
			);
			inputFileListPaths = (
				"${PODS_ROOT}/Target Support Files/Pods-ChatNew/Pods-ChatNew-frameworks-${CONFIGURATION}-input-files.xcfilelist",
			);
			name = "[CP] Embed Pods Frameworks";
			outputFileListPaths = (
				"${PODS_ROOT}/Target Support Files/Pods-ChatNew/Pods-ChatNew-frameworks-${CONFIGURATION}-output-files.xcfilelist",
			);
			runOnlyForDeploymentPostprocessing = 0;
			shellPath = /bin/sh;
			shellScript = "\"${PODS_ROOT}/Target Support Files/Pods-ChatNew/Pods-ChatNew-frameworks.sh\"\n";
			showEnvVarsInLog = 0;
		};
		10AC224D6D72EF6984C01327 /* [CP] Check Pods Manifest.lock */ = {
			isa = PBXShellScriptBuildPhase;
			buildActionMask = 2147483647;
			files = (
			);
			inputFileListPaths = (
			);
			inputPaths = (
				"${PODS_PODFILE_DIR_PATH}/Podfile.lock",
				"${PODS_ROOT}/Manifest.lock",
			);
			name = "[CP] Check Pods Manifest.lock";
			outputFileListPaths = (
			);
			outputPaths = (
				"$(DERIVED_FILE_DIR)/Pods-ChatNew-checkManifestLockResult.txt",
			);
			runOnlyForDeploymentPostprocessing = 0;
			shellPath = /bin/sh;
			shellScript = "diff \"${PODS_PODFILE_DIR_PATH}/Podfile.lock\" \"${PODS_ROOT}/Manifest.lock\" > /dev/null\nif [ $? != 0 ] ; then\n    # print error to STDERR\n    echo \"error: The sandbox is not in sync with the Podfile.lock. Run 'pod install' or update your CocoaPods installation.\" >&2\n    exit 1\nfi\n# This output is used by Xcode 'outputs' to avoid re-running this script phase.\necho \"SUCCESS\" > \"${SCRIPT_OUTPUT_FILE_0}\"\n";
			showEnvVarsInLog = 0;
		};
/* End PBXShellScriptBuildPhase section */

/* Begin PBXSourcesBuildPhase section */
		A5ABB71E2615CB4F001AED77 /* Sources */ = {
			isa = PBXSourcesBuildPhase;
			buildActionMask = 2147483647;
			files = (
				A5ABB7262615CB4F001AED77 /* AppDelegate.swift in Sources */,
				A5ABB7282615CB4F001AED77 /* SceneDelegate.swift in Sources */,
				A5ABB75B2615EDDC001AED77 /* ChatPage.swift in Sources */,
				A5ABB72A2615CB4F001AED77 /* ContentView.swift in Sources */,
			);
			runOnlyForDeploymentPostprocessing = 0;
		};
/* End PBXSourcesBuildPhase section */

/* Begin PBXVariantGroup section */
		A5ABB7302615CB50001AED77 /* LaunchScreen.storyboard */ = {
			isa = PBXVariantGroup;
			children = (
				A5ABB7312615CB50001AED77 /* Base */,
			);
			name = LaunchScreen.storyboard;
			sourceTree = "<group>";
		};
/* End PBXVariantGroup section */

/* Begin XCBuildConfiguration section */
		A5ABB7342615CB50001AED77 /* Debug */ = {
			isa = XCBuildConfiguration;
			buildSettings = {
				ALWAYS_SEARCH_USER_PATHS = NO;
				CLANG_ANALYZER_NONNULL = YES;
				CLANG_ANALYZER_NUMBER_OBJECT_CONVERSION = YES_AGGRESSIVE;
				CLANG_CXX_LANGUAGE_STANDARD = "gnu++14";
				CLANG_CXX_LIBRARY = "libc++";
				CLANG_ENABLE_MODULES = YES;
				CLANG_ENABLE_OBJC_ARC = YES;
				CLANG_ENABLE_OBJC_WEAK = YES;
				CLANG_WARN_BLOCK_CAPTURE_AUTORELEASING = YES;
				CLANG_WARN_BOOL_CONVERSION = YES;
				CLANG_WARN_COMMA = YES;
				CLANG_WARN_CONSTANT_CONVERSION = YES;
				CLANG_WARN_DEPRECATED_OBJC_IMPLEMENTATIONS = YES;
				CLANG_WARN_DIRECT_OBJC_ISA_USAGE = YES_ERROR;
				CLANG_WARN_DOCUMENTATION_COMMENTS = YES;
				CLANG_WARN_EMPTY_BODY = YES;
				CLANG_WARN_ENUM_CONVERSION = YES;
				CLANG_WARN_INFINITE_RECURSION = YES;
				CLANG_WARN_INT_CONVERSION = YES;
				CLANG_WARN_NON_LITERAL_NULL_CONVERSION = YES;
				CLANG_WARN_OBJC_IMPLICIT_RETAIN_SELF = YES;
				CLANG_WARN_OBJC_LITERAL_CONVERSION = YES;
				CLANG_WARN_OBJC_ROOT_CLASS = YES_ERROR;
				CLANG_WARN_QUOTED_INCLUDE_IN_FRAMEWORK_HEADER = YES;
				CLANG_WARN_RANGE_LOOP_ANALYSIS = YES;
				CLANG_WARN_STRICT_PROTOTYPES = YES;
				CLANG_WARN_SUSPICIOUS_MOVE = YES;
				CLANG_WARN_UNGUARDED_AVAILABILITY = YES_AGGRESSIVE;
				CLANG_WARN_UNREACHABLE_CODE = YES;
				CLANG_WARN__DUPLICATE_METHOD_MATCH = YES;
				COPY_PHASE_STRIP = NO;
				DEBUG_INFORMATION_FORMAT = dwarf;
				ENABLE_STRICT_OBJC_MSGSEND = YES;
				ENABLE_TESTABILITY = YES;
				GCC_C_LANGUAGE_STANDARD = gnu11;
				GCC_DYNAMIC_NO_PIC = NO;
				GCC_NO_COMMON_BLOCKS = YES;
				GCC_OPTIMIZATION_LEVEL = 0;
				GCC_PREPROCESSOR_DEFINITIONS = (
					"DEBUG=1",
					"$(inherited)",
				);
				GCC_WARN_64_TO_32_BIT_CONVERSION = YES;
				GCC_WARN_ABOUT_RETURN_TYPE = YES_ERROR;
				GCC_WARN_UNDECLARED_SELECTOR = YES;
				GCC_WARN_UNINITIALIZED_AUTOS = YES_AGGRESSIVE;
				GCC_WARN_UNUSED_FUNCTION = YES;
				GCC_WARN_UNUSED_VARIABLE = YES;
				IPHONEOS_DEPLOYMENT_TARGET = 14.4;
				MTL_ENABLE_DEBUG_INFO = INCLUDE_SOURCE;
				MTL_FAST_MATH = YES;
				ONLY_ACTIVE_ARCH = YES;
				SDKROOT = iphoneos;
				SWIFT_ACTIVE_COMPILATION_CONDITIONS = DEBUG;
				SWIFT_OPTIMIZATION_LEVEL = "-Onone";
			};
			name = Debug;
		};
		A5ABB7352615CB50001AED77 /* Release */ = {
			isa = XCBuildConfiguration;
			buildSettings = {
				ALWAYS_SEARCH_USER_PATHS = NO;
				CLANG_ANALYZER_NONNULL = YES;
				CLANG_ANALYZER_NUMBER_OBJECT_CONVERSION = YES_AGGRESSIVE;
				CLANG_CXX_LANGUAGE_STANDARD = "gnu++14";
				CLANG_CXX_LIBRARY = "libc++";
				CLANG_ENABLE_MODULES = YES;
				CLANG_ENABLE_OBJC_ARC = YES;
				CLANG_ENABLE_OBJC_WEAK = YES;
				CLANG_WARN_BLOCK_CAPTURE_AUTORELEASING = YES;
				CLANG_WARN_BOOL_CONVERSION = YES;
				CLANG_WARN_COMMA = YES;
				CLANG_WARN_CONSTANT_CONVERSION = YES;
				CLANG_WARN_DEPRECATED_OBJC_IMPLEMENTATIONS = YES;
				CLANG_WARN_DIRECT_OBJC_ISA_USAGE = YES_ERROR;
				CLANG_WARN_DOCUMENTATION_COMMENTS = YES;
				CLANG_WARN_EMPTY_BODY = YES;
				CLANG_WARN_ENUM_CONVERSION = YES;
				CLANG_WARN_INFINITE_RECURSION = YES;
				CLANG_WARN_INT_CONVERSION = YES;
				CLANG_WARN_NON_LITERAL_NULL_CONVERSION = YES;
				CLANG_WARN_OBJC_IMPLICIT_RETAIN_SELF = YES;
				CLANG_WARN_OBJC_LITERAL_CONVERSION = YES;
				CLANG_WARN_OBJC_ROOT_CLASS = YES_ERROR;
				CLANG_WARN_QUOTED_INCLUDE_IN_FRAMEWORK_HEADER = YES;
				CLANG_WARN_RANGE_LOOP_ANALYSIS = YES;
				CLANG_WARN_STRICT_PROTOTYPES = YES;
				CLANG_WARN_SUSPICIOUS_MOVE = YES;
				CLANG_WARN_UNGUARDED_AVAILABILITY = YES_AGGRESSIVE;
				CLANG_WARN_UNREACHABLE_CODE = YES;
				CLANG_WARN__DUPLICATE_METHOD_MATCH = YES;
				COPY_PHASE_STRIP = NO;
				DEBUG_INFORMATION_FORMAT = "dwarf-with-dsym";
				ENABLE_NS_ASSERTIONS = NO;
				ENABLE_STRICT_OBJC_MSGSEND = YES;
				GCC_C_LANGUAGE_STANDARD = gnu11;
				GCC_NO_COMMON_BLOCKS = YES;
				GCC_WARN_64_TO_32_BIT_CONVERSION = YES;
				GCC_WARN_ABOUT_RETURN_TYPE = YES_ERROR;
				GCC_WARN_UNDECLARED_SELECTOR = YES;
				GCC_WARN_UNINITIALIZED_AUTOS = YES_AGGRESSIVE;
				GCC_WARN_UNUSED_FUNCTION = YES;
				GCC_WARN_UNUSED_VARIABLE = YES;
				IPHONEOS_DEPLOYMENT_TARGET = 14.4;
				MTL_ENABLE_DEBUG_INFO = NO;
				MTL_FAST_MATH = YES;
				SDKROOT = iphoneos;
				SWIFT_COMPILATION_MODE = wholemodule;
				SWIFT_OPTIMIZATION_LEVEL = "-O";
				VALIDATE_PRODUCT = YES;
			};
			name = Release;
		};
		A5ABB7372615CB50001AED77 /* Debug */ = {
			isa = XCBuildConfiguration;
			baseConfigurationReference = 7C8F2F8317A8795238977C3C /* Pods-ChatNew.debug.xcconfig */;
			buildSettings = {
				ASSETCATALOG_COMPILER_APPICON_NAME = AppIcon;
				ASSETCATALOG_COMPILER_GLOBAL_ACCENT_COLOR_NAME = AccentColor;
				CODE_SIGN_STYLE = Automatic;
				DEVELOPMENT_ASSET_PATHS = "\"ChatNew/Preview Content\"";
				DEVELOPMENT_TEAM = U7P9CVFKG7;
				ENABLE_PREVIEWS = YES;
				INFOPLIST_FILE = ChatNew/Info.plist;
				LD_RUNPATH_SEARCH_PATHS = (
					"$(inherited)",
					"@executable_path/Frameworks",
				);
				PRODUCT_BUNDLE_IDENTIFIER = DenisLarin.ChatNew;
				PRODUCT_NAME = "$(TARGET_NAME)";
				SWIFT_VERSION = 5.0;
				TARGETED_DEVICE_FAMILY = "1,2";
			};
			name = Debug;
		};
		A5ABB7382615CB50001AED77 /* Release */ = {
			isa = XCBuildConfiguration;
			baseConfigurationReference = 3818F994F7C78431D7C9EDBB /* Pods-ChatNew.release.xcconfig */;
			buildSettings = {
				ASSETCATALOG_COMPILER_APPICON_NAME = AppIcon;
				ASSETCATALOG_COMPILER_GLOBAL_ACCENT_COLOR_NAME = AccentColor;
				CODE_SIGN_STYLE = Automatic;
				DEVELOPMENT_ASSET_PATHS = "\"ChatNew/Preview Content\"";
				DEVELOPMENT_TEAM = U7P9CVFKG7;
				ENABLE_PREVIEWS = YES;
				INFOPLIST_FILE = ChatNew/Info.plist;
				LD_RUNPATH_SEARCH_PATHS = (
					"$(inherited)",
					"@executable_path/Frameworks",
				);
				PRODUCT_BUNDLE_IDENTIFIER = DenisLarin.ChatNew;
				PRODUCT_NAME = "$(TARGET_NAME)";
				SWIFT_VERSION = 5.0;
				TARGETED_DEVICE_FAMILY = "1,2";
			};
			name = Release;
		};
/* End XCBuildConfiguration section */

/* Begin XCConfigurationList section */
		A5ABB71D2615CB4F001AED77 /* Build configuration list for PBXProject "ChatNew" */ = {
			isa = XCConfigurationList;
			buildConfigurations = (
				A5ABB7342615CB50001AED77 /* Debug */,
				A5ABB7352615CB50001AED77 /* Release */,
			);
			defaultConfigurationIsVisible = 0;
			defaultConfigurationName = Release;
		};
		A5ABB7362615CB50001AED77 /* Build configuration list for PBXNativeTarget "ChatNew" */ = {
			isa = XCConfigurationList;
			buildConfigurations = (
				A5ABB7372615CB50001AED77 /* Debug */,
				A5ABB7382615CB50001AED77 /* Release */,
			);
			defaultConfigurationIsVisible = 0;
			defaultConfigurationName = Release;
		};
/* End XCConfigurationList section */
	};
	rootObject = A5ABB71A2615CB4F001AED77 /* Project object */;
}
